{
  "lockfile-version": 1,
  "manifest": {
    "version": 1,
    "install": {
      "bacon": {
        "pkg-path": "bacon",
        "pkg-group": "extra"
      },
      "cargo": {
        "pkg-path": "cargo"
      },
      "cargo-nextest": {
        "pkg-path": "cargo-nextest",
        "pkg-group": "extra"
      },
      "clang": {
        "pkg-path": "clang",
        "systems": [
          "aarch64-darwin",
          "x86_64-darwin"
        ]
      },
      "clippy": {
        "pkg-path": "clippy",
        "pkg-group": "extra"
      },
      "gcc": {
        "pkg-path": "gcc",
        "systems": [
          "aarch64-linux",
          "x86_64-linux"
        ]
      },
      "libiconv": {
        "pkg-path": "libiconv",
        "systems": [
          "aarch64-darwin",
          "x86_64-darwin"
        ]
      },
      "pkg-config": {
        "pkg-path": "pkg-config"
      },
      "rust-analyzer": {
        "pkg-path": "rust-analyzer",
        "pkg-group": "extra"
      },
      "rust-lib-src": {
        "pkg-path": "rustPlatform.rustLibSrc",
        "pkg-group": "extra"
      },
      "rustc": {
        "pkg-path": "rustc"
      },
      "rustfmt": {
        "pkg-path": "rustfmt",
        "pkg-group": "extra"
      }
    },
    "vars": {
      "BIN_NAME": "FOO"
    },
    "hook": {
      "on-activate": "  export PATH=\"$PWD/target/debug:$PATH\"\n"
    },
    "profile": {
      "fish": " abbr install-bin \"cargo b -r && cp target/release/$BIN_NAME ~/bin/$BIN_NAME\"\n"
    },
    "options": {
      "cuda-detection": false
    }
  },
  "packages": [
    {
      "attr_path": "bacon",
      "broken": false,
      "derivation": "/nix/store/qskc8rynbs46bhv1q2lcah43rrkhcc2x-bacon-3.12.0.drv",
      "description": "Background rust code checker",
      "install_id": "bacon",
      "license": "AGPL-3.0-only",
      "locked_url": "https://github.com/flox/nixpkgs?rev=979daf34c8cacebcd917d540070b52a3c2b9b16e",
      "name": "bacon-3.12.0",
      "pname": "bacon",
      "rev": "979daf34c8cacebcd917d540070b52a3c2b9b16e",
      "rev_count": 793735,
      "rev_date": "2025-05-04T03:14:55Z",
      "scrape_date": "2025-05-05T04:19:28.025425Z",
      "stabilities": [
        "staging",
        "unstable"
      ],
      "unfree": false,
      "version": "3.12.0",
      "outputs_to_install": [
        "out"
      ],
      "outputs": {
        "out": "/nix/store/xxydzq2pw7r0lsszg6i6hcgbkj06qsp7-bacon-3.12.0"
      },
      "system": "aarch64-darwin",
      "group": "extra",
      "priority": 5
    },
    {
      "attr_path": "bacon",
      "broken": false,
      "derivation": "/nix/store/6jcjxrdrp9n3sgs6fyhprhpgmpzfg4v4-bacon-3.12.0.drv",
      "description": "Background rust code checker",
      "install_id": "bacon",
      "license": "AGPL-3.0-only",
      "locked_url": "https://github.com/flox/nixpkgs?rev=979daf34c8cacebcd917d540070b52a3c2b9b16e",
      "name": "bacon-3.12.0",
      "pname": "bacon",
      "rev": "979daf34c8cacebcd917d540070b52a3c2b9b16e",
      "rev_count": 793735,
      "rev_date": "2025-05-04T03:14:55Z",
      "scrape_date": "2025-05-05T04:37:19.280645Z",
      "stabilities": [
        "staging",
        "unstable"
      ],
      "unfree": false,
      "version": "3.12.0",
      "outputs_to_install": [
        "out"
      ],
      "outputs": {
        "out": "/nix/store/wjlvba21wjfz69200s2gvs5rr91rzf2z-bacon-3.12.0"
      },
      "system": "aarch64-linux",
      "group": "extra",
      "priority": 5
    },
    {
      "attr_path": "bacon",
      "broken": false,
      "derivation": "/nix/store/56hy1g7glxbg3syi5qd24548dhdmlidy-bacon-3.12.0.drv",
      "description": "Background rust code checker",
      "install_id": "bacon",
      "license": "AGPL-3.0-only",
      "locked_url": "https://github.com/flox/nixpkgs?rev=979daf34c8cacebcd917d540070b52a3c2b9b16e",
      "name": "bacon-3.12.0",
      "pname": "bacon",
      "rev": "979daf34c8cacebcd917d540070b52a3c2b9b16e",
      "rev_count": 793735,
      "rev_date": "2025-05-04T03:14:55Z",
      "scrape_date": "2025-05-05T04:54:29.047168Z",
      "stabilities": [
        "staging",
        "unstable"
      ],
      "unfree": false,
      "version": "3.12.0",
      "outputs_to_install": [
        "out"
      ],
      "outputs": {
        "out": "/nix/store/psbj4g4lw2v400ry5dnswmx0aa37a14v-bacon-3.12.0"
      },
      "system": "x86_64-darwin",
      "group": "extra",
      "priority": 5
    },
    {
      "attr_path": "bacon",
      "broken": false,
      "derivation": "/nix/store/czpydcv8dnq8zrn1rmmh7dsvxk02fsfa-bacon-3.12.0.drv",
      "description": "Background rust code checker",
      "install_id": "bacon",
      "license": "AGPL-3.0-only",
      "locked_url": "https://github.com/flox/nixpkgs?rev=979daf34c8cacebcd917d540070b52a3c2b9b16e",
      "name": "bacon-3.12.0",
      "pname": "bacon",
      "rev": "979daf34c8cacebcd917d540070b52a3c2b9b16e",
      "rev_count": 793735,
      "rev_date": "2025-05-04T03:14:55Z",
      "scrape_date": "2025-05-05T05:15:54.068818Z",
      "stabilities": [
        "staging",
        "unstable"
      ],
      "unfree": false,
      "version": "3.12.0",
      "outputs_to_install": [
        "out"
      ],
      "outputs": {
        "out": "/nix/store/266av4b9sk87nw135a57jr0ya6k356s6-bacon-3.12.0"
      },
      "system": "x86_64-linux",
      "group": "extra",
      "priority": 5
    },
    {
      "attr_path": "cargo-nextest",
      "broken": false,
      "derivation": "/nix/store/vvyazqimrjhy0rzaj8qlh5dygf4m8b3p-cargo-nextest-0.9.94.drv",
      "description": "Next-generation test runner for Rust projects",
      "install_id": "cargo-nextest",
      "license": "[ MIT, Apache-2.0 ]",
      "locked_url": "https://github.com/flox/nixpkgs?rev=979daf34c8cacebcd917d540070b52a3c2b9b16e",
      "name": "cargo-nextest-0.9.94",
      "pname": "cargo-nextest",
      "rev": "979daf34c8cacebcd917d540070b52a3c2b9b16e",
      "rev_count": 793735,
      "rev_date": "2025-05-04T03:14:55Z",
      "scrape_date": "2025-05-05T04:19:28.505403Z",
      "stabilities": [
        "staging",
        "unstable"
      ],
      "unfree": false,
      "version": "0.9.94",
      "outputs_to_install": [
        "out"
      ],
      "outputs": {
        "out": "/nix/store/r482hpykv40xg077lh4r5hzgg1vx9x9l-cargo-nextest-0.9.94"
      },
      "system": "aarch64-darwin",
      "group": "extra",
      "priority": 5
    },
    {
      "attr_path": "cargo-nextest",
      "broken": false,
      "derivation": "/nix/store/zvkkkfp2lzfxl30xzir69229ipr315pd-cargo-nextest-0.9.94.drv",
      "description": "Next-generation test runner for Rust projects",
      "install_id": "cargo-nextest",
      "license": "[ MIT, Apache-2.0 ]",
      "locked_url": "https://github.com/flox/nixpkgs?rev=979daf34c8cacebcd917d540070b52a3c2b9b16e",
      "name": "cargo-nextest-0.9.94",
      "pname": "cargo-nextest",
      "rev": "979daf34c8cacebcd917d540070b52a3c2b9b16e",
      "rev_count": 793735,
      "rev_date": "2025-05-04T03:14:55Z",
      "scrape_date": "2025-05-05T04:37:19.399122Z",
      "stabilities": [
        "staging",
        "unstable"
      ],
      "unfree": false,
      "version": "0.9.94",
      "outputs_to_install": [
        "out"
      ],
      "outputs": {
        "out": "/nix/store/dhv6invzzlm4zb0j78s9wcf9nqz96fya-cargo-nextest-0.9.94"
      },
      "system": "aarch64-linux",
      "group": "extra",
      "priority": 5
    },
    {
      "attr_path": "cargo-nextest",
      "broken": false,
      "derivation": "/nix/store/jm5qlj7knv0fh70741fzf722g2682kdl-cargo-nextest-0.9.94.drv",
      "description": "Next-generation test runner for Rust projects",
      "install_id": "cargo-nextest",
      "license": "[ MIT, Apache-2.0 ]",
      "locked_url": "https://github.com/flox/nixpkgs?rev=979daf34c8cacebcd917d540070b52a3c2b9b16e",
      "name": "cargo-nextest-0.9.94",
      "pname": "cargo-nextest",
      "rev": "979daf34c8cacebcd917d540070b52a3c2b9b16e",
      "rev_count": 793735,
      "rev_date": "2025-05-04T03:14:55Z",
      "scrape_date": "2025-05-05T04:54:29.124183Z",
      "stabilities": [
        "staging",
        "unstable"
      ],
      "unfree": false,
      "version": "0.9.94",
      "outputs_to_install": [
        "out"
      ],
      "outputs": {
        "out": "/nix/store/rcv3mzlfind4dyiir4j2a572wawnal1w-cargo-nextest-0.9.94"
      },
      "system": "x86_64-darwin",
      "group": "extra",
      "priority": 5
    },
    {
      "attr_path": "cargo-nextest",
      "broken": false,
      "derivation": "/nix/store/ia2f49n9msy6msbgr11dan0bk1dmx2zp-cargo-nextest-0.9.94.drv",
      "description": "Next-generation test runner for Rust projects",
      "install_id": "cargo-nextest",
      "license": "[ MIT, Apache-2.0 ]",
      "locked_url": "https://github.com/flox/nixpkgs?rev=979daf34c8cacebcd917d540070b52a3c2b9b16e",
      "name": "cargo-nextest-0.9.94",
      "pname": "cargo-nextest",
      "rev": "979daf34c8cacebcd917d540070b52a3c2b9b16e",
      "rev_count": 793735,
      "rev_date": "2025-05-04T03:14:55Z",
      "scrape_date": "2025-05-05T05:15:54.201841Z",
      "stabilities": [
        "staging",
        "unstable"
      ],
      "unfree": false,
      "version": "0.9.94",
      "outputs_to_install": [
        "out"
      ],
      "outputs": {
        "out": "/nix/store/s0vfam7nyxpw1mriv1av08ph3k3clmm8-cargo-nextest-0.9.94"
      },
      "system": "x86_64-linux",
      "group": "extra",
      "priority": 5
    },
    {
      "attr_path": "clippy",
      "broken": false,
      "derivation": "/nix/store/xw3yg9qadvxn1ljvsiv2280i1x5lzllp-clippy-1.86.0.drv",
      "description": "Bunch of lints to catch common mistakes and improve your Rust code",
      "install_id": "clippy",
      "license": "[ MIT, Apache-2.0 ]",
      "locked_url": "https://github.com/flox/nixpkgs?rev=979daf34c8cacebcd917d540070b52a3c2b9b16e",
      "name": "clippy-1.86.0",
      "pname": "clippy",
      "rev": "979daf34c8cacebcd917d540070b52a3c2b9b16e",
      "rev_count": 793735,
      "rev_date": "2025-05-04T03:14:55Z",
      "scrape_date": "2025-05-05T04:19:28.637968Z",
      "stabilities": [
        "staging",
        "unstable"
      ],
      "unfree": false,
      "version": "1.86.0",
      "outputs_to_install": [
        "out"
      ],
      "outputs": {
        "out": "/nix/store/sb3xl0m0ik20lhgk78gh17gsfj4l8wjq-clippy-1.86.0"
      },
      "system": "aarch64-darwin",
      "group": "extra",
      "priority": 5
    },
    {
      "attr_path": "clippy",
      "broken": false,
      "derivation": "/nix/store/5mbi83d1g4rly1ljhmsrhyli2132v217-clippy-1.86.0.drv",
      "description": "Bunch of lints to catch common mistakes and improve your Rust code",
      "install_id": "clippy",
      "license": "[ MIT, Apache-2.0 ]",
      "locked_url": "https://github.com/flox/nixpkgs?rev=979daf34c8cacebcd917d540070b52a3c2b9b16e",
      "name": "clippy-1.86.0",
      "pname": "clippy",
      "rev": "979daf34c8cacebcd917d540070b52a3c2b9b16e",
      "rev_count": 793735,
      "rev_date": "2025-05-04T03:14:55Z",
      "scrape_date": "2025-05-05T04:37:19.574156Z",
      "stabilities": [
        "staging",
        "unstable"
      ],
      "unfree": false,
      "version": "1.86.0",
      "outputs_to_install": [
        "out"
      ],
      "outputs": {
        "debug": "/nix/store/pf2s5f9fbxkjdv4gfgalvgjk8n5318nc-clippy-1.86.0-debug",
        "out": "/nix/store/6qyfg66m8kvxn9kcrxwxd4rncjgb1rrd-clippy-1.86.0"
      },
      "system": "aarch64-linux",
      "group": "extra",
      "priority": 5
    },
    {
      "attr_path": "clippy",
      "broken": false,
      "derivation": "/nix/store/4wx84gfc60va61zsdn7rrjh9qfxfx2i5-clippy-1.86.0.drv",
      "description": "Bunch of lints to catch common mistakes and improve your Rust code",
      "install_id": "clippy",
      "license": "[ MIT, Apache-2.0 ]",
      "locked_url": "https://github.com/flox/nixpkgs?rev=979daf34c8cacebcd917d540070b52a3c2b9b16e",
      "name": "clippy-1.86.0",
      "pname": "clippy",
      "rev": "979daf34c8cacebcd917d540070b52a3c2b9b16e",
      "rev_count": 793735,
      "rev_date": "2025-05-04T03:14:55Z",
      "scrape_date": "2025-05-05T04:54:29.256482Z",
      "stabilities": [
        "staging",
        "unstable"
      ],
      "unfree": false,
      "version": "1.86.0",
      "outputs_to_install": [
        "out"
      ],
      "outputs": {
        "out": "/nix/store/p22slc112dlxwzis1pcig6iycxlb2w7p-clippy-1.86.0"
      },
      "system": "x86_64-darwin",
      "group": "extra",
      "priority": 5
    },
    {
      "attr_path": "clippy",
      "broken": false,
      "derivation": "/nix/store/ks6fr36w3g19r2lzjbw9jp00gbcgki8q-clippy-1.86.0.drv",
      "description": "Bunch of lints to catch common mistakes and improve your Rust code",
      "install_id": "clippy",
      "license": "[ MIT, Apache-2.0 ]",
      "locked_url": "https://github.com/flox/nixpkgs?rev=979daf34c8cacebcd917d540070b52a3c2b9b16e",
      "name": "clippy-1.86.0",
      "pname": "clippy",
      "rev": "979daf34c8cacebcd917d540070b52a3c2b9b16e",
      "rev_count": 793735,
      "rev_date": "2025-05-04T03:14:55Z",
      "scrape_date": "2025-05-05T05:15:54.392455Z",
      "stabilities": [
        "staging",
        "unstable"
      ],
      "unfree": false,
      "version": "1.86.0",
      "outputs_to_install": [
        "out"
      ],
      "outputs": {
        "debug": "/nix/store/yabbi2a2klpn800c8lhwcfbqwz58rz7q-clippy-1.86.0-debug",
        "out": "/nix/store/qhl42xk6zcxr2ivdk12amaf0sbygww84-clippy-1.86.0"
      },
      "system": "x86_64-linux",
      "group": "extra",
      "priority": 5
    },
    {
      "attr_path": "rust-analyzer",
      "broken": false,
      "derivation": "/nix/store/52cysw44zssvmdvn5xw2wj3pgq5zkkq8-rust-analyzer-2025-04-28.drv",
      "description": "Modular compiler frontend for the Rust language",
      "install_id": "rust-analyzer",
      "license": "[ MIT, Apache-2.0 ]",
      "locked_url": "https://github.com/flox/nixpkgs?rev=979daf34c8cacebcd917d540070b52a3c2b9b16e",
      "name": "rust-analyzer-2025-04-28",
      "pname": "rust-analyzer",
      "rev": "979daf34c8cacebcd917d540070b52a3c2b9b16e",
      "rev_count": 793735,
      "rev_date": "2025-05-04T03:14:55Z",
      "scrape_date": "2025-05-05T04:20:01.339781Z",
      "stabilities": [
        "staging",
        "unstable"
      ],
      "unfree": false,
      "version": "2025-04-28",
      "outputs_to_install": [
        "out"
      ],
      "outputs": {
        "out": "/nix/store/9d3alpb1ynklmi5p0y5rg2dkg0acmc0y-rust-analyzer-2025-04-28"
      },
      "system": "aarch64-darwin",
      "group": "extra",
      "priority": 5
    },
    {
      "attr_path": "rust-analyzer",
      "broken": false,
      "derivation": "/nix/store/jvxskf26b55ggrkslpryxdg1qblpbixh-rust-analyzer-2025-04-28.drv",
      "description": "Modular compiler frontend for the Rust language",
      "install_id": "rust-analyzer",
      "license": "[ MIT, Apache-2.0 ]",
      "locked_url": "https://github.com/flox/nixpkgs?rev=979daf34c8cacebcd917d540070b52a3c2b9b16e",
      "name": "rust-analyzer-2025-04-28",
      "pname": "rust-analyzer",
      "rev": "979daf34c8cacebcd917d540070b52a3c2b9b16e",
      "rev_count": 793735,
      "rev_date": "2025-05-04T03:14:55Z",
      "scrape_date": "2025-05-05T04:38:18.177530Z",
      "stabilities": [
        "staging",
        "unstable"
      ],
      "unfree": false,
      "version": "2025-04-28",
      "outputs_to_install": [
        "out"
      ],
      "outputs": {
        "out": "/nix/store/4ps7iv4k00q1w4fva40zwkm0xd4qb6qz-rust-analyzer-2025-04-28"
      },
      "system": "aarch64-linux",
      "group": "extra",
      "priority": 5
    },
    {
      "attr_path": "rust-analyzer",
      "broken": false,
      "derivation": "/nix/store/wcivbjv7f73kz803c4kb4lpipw9bq0h4-rust-analyzer-2025-04-28.drv",
      "description": "Modular compiler frontend for the Rust language",
      "install_id": "rust-analyzer",
      "license": "[ MIT, Apache-2.0 ]",
      "locked_url": "https://github.com/flox/nixpkgs?rev=979daf34c8cacebcd917d540070b52a3c2b9b16e",
      "name": "rust-analyzer-2025-04-28",
      "pname": "rust-analyzer",
      "rev": "979daf34c8cacebcd917d540070b52a3c2b9b16e",
      "rev_count": 793735,
      "rev_date": "2025-05-04T03:14:55Z",
      "scrape_date": "2025-05-05T04:55:02.010080Z",
      "stabilities": [
        "staging",
        "unstable"
      ],
      "unfree": false,
      "version": "2025-04-28",
      "outputs_to_install": [
        "out"
      ],
      "outputs": {
        "out": "/nix/store/5pd3w9jd39n4qkpickqlvv1q6cyjz0by-rust-analyzer-2025-04-28"
      },
      "system": "x86_64-darwin",
      "group": "extra",
      "priority": 5
    },
    {
      "attr_path": "rust-analyzer",
      "broken": false,
      "derivation": "/nix/store/m0d39ydnbxv4m5yxr9xdkrk6ldssddwn-rust-analyzer-2025-04-28.drv",
      "description": "Modular compiler frontend for the Rust language",
      "install_id": "rust-analyzer",
      "license": "[ MIT, Apache-2.0 ]",
      "locked_url": "https://github.com/flox/nixpkgs?rev=979daf34c8cacebcd917d540070b52a3c2b9b16e",
      "name": "rust-analyzer-2025-04-28",
      "pname": "rust-analyzer",
      "rev": "979daf34c8cacebcd917d540070b52a3c2b9b16e",
      "rev_count": 793735,
      "rev_date": "2025-05-04T03:14:55Z",
      "scrape_date": "2025-05-05T05:16:58.023082Z",
      "stabilities": [
        "staging",
        "unstable"
      ],
      "unfree": false,
      "version": "2025-04-28",
      "outputs_to_install": [
        "out"
      ],
      "outputs": {
        "out": "/nix/store/yki77vimynzszm81ffxbj9ld309ag154-rust-analyzer-2025-04-28"
      },
      "system": "x86_64-linux",
      "group": "extra",
      "priority": 5
    },
    {
      "attr_path": "rustPlatform.rustLibSrc",
      "broken": false,
      "derivation": "/nix/store/vs1vz8dbc3pla30m0w1gazc0kmmzyg6v-rust-lib-src.drv",
      "install_id": "rust-lib-src",
      "locked_url": "https://github.com/flox/nixpkgs?rev=979daf34c8cacebcd917d540070b52a3c2b9b16e",
      "name": "rust-lib-src",
      "pname": "rustLibSrc",
      "rev": "979daf34c8cacebcd917d540070b52a3c2b9b16e",
      "rev_count": 793735,
      "rev_date": "2025-05-04T03:14:55Z",
      "scrape_date": "2025-05-05T04:20:34.120005Z",
      "stabilities": [
        "staging",
        "unstable"
      ],
      "unfree": false,
      "version": "rust-lib-src",
      "outputs_to_install": [
        "out"
      ],
      "outputs": {
        "out": "/nix/store/s9nh0yqhkgxnb84d1zv1zcqmb8vy5c9z-rust-lib-src"
      },
      "system": "aarch64-darwin",
      "group": "extra",
      "priority": 5
    },
    {
      "attr_path": "rustPlatform.rustLibSrc",
      "broken": false,
      "derivation": "/nix/store/xh9vanpxnc3lh7fiy4v7n4f4gr0rxyvp-rust-lib-src.drv",
      "install_id": "rust-lib-src",
      "locked_url": "https://github.com/flox/nixpkgs?rev=979daf34c8cacebcd917d540070b52a3c2b9b16e",
      "name": "rust-lib-src",
      "pname": "rustLibSrc",
      "rev": "979daf34c8cacebcd917d540070b52a3c2b9b16e",
      "rev_count": 793735,
      "rev_date": "2025-05-04T03:14:55Z",
      "scrape_date": "2025-05-05T04:39:05.294034Z",
      "stabilities": [
        "staging",
        "unstable"
      ],
      "unfree": false,
      "version": "rust-lib-src",
      "outputs_to_install": [
        "out"
      ],
      "outputs": {
        "out": "/nix/store/4m6xn81r5dflvdp645j5xy5dyxjj2bj7-rust-lib-src"
      },
      "system": "aarch64-linux",
      "group": "extra",
      "priority": 5
    },
    {
      "attr_path": "rustPlatform.rustLibSrc",
      "broken": false,
      "derivation": "/nix/store/j79ln9c9dpsv3sg83x7lbcdrq62qrg0f-rust-lib-src.drv",
      "install_id": "rust-lib-src",
      "locked_url": "https://github.com/flox/nixpkgs?rev=979daf34c8cacebcd917d540070b52a3c2b9b16e",
      "name": "rust-lib-src",
      "pname": "rustLibSrc",
      "rev": "979daf34c8cacebcd917d540070b52a3c2b9b16e",
      "rev_count": 793735,
      "rev_date": "2025-05-04T03:14:55Z",
      "scrape_date": "2025-05-05T04:55:34.666692Z",
      "stabilities": [
        "staging",
        "unstable"
      ],
      "unfree": false,
      "version": "rust-lib-src",
      "outputs_to_install": [
        "out"
      ],
      "outputs": {
        "out": "/nix/store/ivaapkyis6micd0cjdk6z8v4h0jylbd7-rust-lib-src"
      },
      "system": "x86_64-darwin",
      "group": "extra",
      "priority": 5
    },
    {
      "attr_path": "rustPlatform.rustLibSrc",
      "broken": false,
      "derivation": "/nix/store/qc0s0s655zb7jrw8k6i2q0yy60mibh48-rust-lib-src.drv",
      "install_id": "rust-lib-src",
      "locked_url": "https://github.com/flox/nixpkgs?rev=979daf34c8cacebcd917d540070b52a3c2b9b16e",
      "name": "rust-lib-src",
      "pname": "rustLibSrc",
      "rev": "979daf34c8cacebcd917d540070b52a3c2b9b16e",
      "rev_count": 793735,
      "rev_date": "2025-05-04T03:14:55Z",
      "scrape_date": "2025-05-05T05:17:47.612983Z",
      "stabilities": [
        "staging",
        "unstable"
      ],
      "unfree": false,
      "version": "rust-lib-src",
      "outputs_to_install": [
        "out"
      ],
      "outputs": {
        "out": "/nix/store/f2rzj0z6ghim1xrrwcqlll8lcfxabbsf-rust-lib-src"
      },
      "system": "x86_64-linux",
      "group": "extra",
      "priority": 5
    },
    {
      "attr_path": "rustfmt",
      "broken": false,
      "derivation": "/nix/store/4mbbx2rivxds9wsc4zs2f0xqgis4fnym-rustfmt-1.86.0.drv",
      "description": "Tool for formatting Rust code according to style guidelines",
      "install_id": "rustfmt",
      "license": "[ MIT, Apache-2.0 ]",
      "locked_url": "https://github.com/flox/nixpkgs?rev=979daf34c8cacebcd917d540070b52a3c2b9b16e",
      "name": "rustfmt-1.86.0",
      "pname": "rustfmt",
      "rev": "979daf34c8cacebcd917d540070b52a3c2b9b16e",
      "rev_count": 793735,
      "rev_date": "2025-05-04T03:14:55Z",
      "scrape_date": "2025-05-05T04:20:01.370026Z",
      "stabilities": [
        "staging",
        "unstable"
      ],
      "unfree": false,
      "version": "1.86.0",
      "outputs_to_install": [
        "out"
      ],
      "outputs": {
        "out": "/nix/store/a2hkglbqa6kj0psblfv95kalw98ginsl-rustfmt-1.86.0"
      },
      "system": "aarch64-darwin",
      "group": "extra",
      "priority": 5
    },
    {
      "attr_path": "rustfmt",
      "broken": false,
      "derivation": "/nix/store/v7a4kh6y4s76yikzhd8k1jsgaj8k281b-rustfmt-1.86.0.drv",
      "description": "Tool for formatting Rust code according to style guidelines",
      "install_id": "rustfmt",
      "license": "[ MIT, Apache-2.0 ]",
      "locked_url": "https://github.com/flox/nixpkgs?rev=979daf34c8cacebcd917d540070b52a3c2b9b16e",
      "name": "rustfmt-1.86.0",
      "pname": "rustfmt",
      "rev": "979daf34c8cacebcd917d540070b52a3c2b9b16e",
      "rev_count": 793735,
      "rev_date": "2025-05-04T03:14:55Z",
      "scrape_date": "2025-05-05T04:38:18.226548Z",
      "stabilities": [
        "staging",
        "unstable"
      ],
      "unfree": false,
      "version": "1.86.0",
      "outputs_to_install": [
        "out"
      ],
      "outputs": {
        "out": "/nix/store/h80x428fpxvv3x6ybhwybmw7y6hr8ngd-rustfmt-1.86.0"
      },
      "system": "aarch64-linux",
      "group": "extra",
      "priority": 5
    },
    {
      "attr_path": "rustfmt",
      "broken": false,
      "derivation": "/nix/store/sr7xzkafa20ci17qzn1kjkyv56r7lnbq-rustfmt-1.86.0.drv",
      "description": "Tool for formatting Rust code according to style guidelines",
      "install_id": "rustfmt",
      "license": "[ MIT, Apache-2.0 ]",
      "locked_url": "https://github.com/flox/nixpkgs?rev=979daf34c8cacebcd917d540070b52a3c2b9b16e",
      "name": "rustfmt-1.86.0",
      "pname": "rustfmt",
      "rev": "979daf34c8cacebcd917d540070b52a3c2b9b16e",
      "rev_count": 793735,
      "rev_date": "2025-05-04T03:14:55Z",
      "scrape_date": "2025-05-05T04:55:02.040300Z",
      "stabilities": [
        "staging",
        "unstable"
      ],
      "unfree": false,
      "version": "1.86.0",
      "outputs_to_install": [
        "out"
      ],
      "outputs": {
        "out": "/nix/store/pm5r4j32rqh6iw31dw8h94nqys2hngxv-rustfmt-1.86.0"
      },
      "system": "x86_64-darwin",
      "group": "extra",
      "priority": 5
    },
    {
      "attr_path": "rustfmt",
      "broken": false,
      "derivation": "/nix/store/f1qqy571jgaawc0n572sn6vz1yzhdpbb-rustfmt-1.86.0.drv",
      "description": "Tool for formatting Rust code according to style guidelines",
      "install_id": "rustfmt",
      "license": "[ MIT, Apache-2.0 ]",
      "locked_url": "https://github.com/flox/nixpkgs?rev=979daf34c8cacebcd917d540070b52a3c2b9b16e",
      "name": "rustfmt-1.86.0",
      "pname": "rustfmt",
      "rev": "979daf34c8cacebcd917d540070b52a3c2b9b16e",
      "rev_count": 793735,
      "rev_date": "2025-05-04T03:14:55Z",
      "scrape_date": "2025-05-05T05:16:58.076007Z",
      "stabilities": [
        "staging",
        "unstable"
      ],
      "unfree": false,
      "version": "1.86.0",
      "outputs_to_install": [
        "out"
      ],
      "outputs": {
        "out": "/nix/store/a3df5f5xsl9zd0hfrkv3d9xsm2xn1hc5-rustfmt-1.86.0"
      },
      "system": "x86_64-linux",
      "group": "extra",
      "priority": 5
    },
    {
      "attr_path": "cargo",
      "broken": false,
      "derivation": "/nix/store/a111sbpck0v9rd25haa86a67chqhhs8y-cargo-1.86.0.drv",
      "description": "Downloads your Rust project's dependencies and builds your project",
      "install_id": "cargo",
      "license": "[ MIT, Apache-2.0 ]",
      "locked_url": "https://github.com/flox/nixpkgs?rev=979daf34c8cacebcd917d540070b52a3c2b9b16e",
      "name": "cargo-1.86.0",
      "pname": "cargo",
      "rev": "979daf34c8cacebcd917d540070b52a3c2b9b16e",
      "rev_count": 793735,
      "rev_date": "2025-05-04T03:14:55Z",
      "scrape_date": "2025-05-05T04:19:28.497048Z",
      "stabilities": [
        "staging",
        "unstable"
      ],
      "unfree": false,
      "version": "1.86.0",
      "outputs_to_install": [
        "out"
      ],
      "outputs": {
        "out": "/nix/store/bhrllqvj73qk5fp9dj2ghy5cj22ilrdv-cargo-1.86.0"
      },
      "system": "aarch64-darwin",
      "group": "toplevel",
      "priority": 5
    },
    {
      "attr_path": "cargo",
      "broken": false,
      "derivation": "/nix/store/6fn3ygmvfwwqn4pb6wpv176rz00yx1sq-cargo-1.86.0.drv",
      "description": "Downloads your Rust project's dependencies and builds your project",
      "install_id": "cargo",
      "license": "[ MIT, Apache-2.0 ]",
      "locked_url": "https://github.com/flox/nixpkgs?rev=979daf34c8cacebcd917d540070b52a3c2b9b16e",
      "name": "cargo-1.86.0",
      "pname": "cargo",
      "rev": "979daf34c8cacebcd917d540070b52a3c2b9b16e",
      "rev_count": 793735,
      "rev_date": "2025-05-04T03:14:55Z",
      "scrape_date": "2025-05-05T04:37:19.389026Z",
      "stabilities": [
        "staging",
        "unstable"
      ],
      "unfree": false,
      "version": "1.86.0",
      "outputs_to_install": [
        "out"
      ],
      "outputs": {
        "out": "/nix/store/q1n7h8c6p2a2xrz56pjnkl3c2pyb15hp-cargo-1.86.0"
      },
      "system": "aarch64-linux",
      "group": "toplevel",
      "priority": 5
    },
    {
      "attr_path": "cargo",
      "broken": false,
      "derivation": "/nix/store/hqqb9jdc119gqyb4bi3k92vgmqmffr7f-cargo-1.86.0.drv",
      "description": "Downloads your Rust project's dependencies and builds your project",
      "install_id": "cargo",
      "license": "[ MIT, Apache-2.0 ]",
      "locked_url": "https://github.com/flox/nixpkgs?rev=979daf34c8cacebcd917d540070b52a3c2b9b16e",
      "name": "cargo-1.86.0",
      "pname": "cargo",
      "rev": "979daf34c8cacebcd917d540070b52a3c2b9b16e",
      "rev_count": 793735,
      "rev_date": "2025-05-04T03:14:55Z",
      "scrape_date": "2025-05-05T04:54:29.115758Z",
      "stabilities": [
        "staging",
        "unstable"
      ],
      "unfree": false,
      "version": "1.86.0",
      "outputs_to_install": [
        "out"
      ],
      "outputs": {
        "out": "/nix/store/njpxwf52d4y3d4ixnv99av5029i6md29-cargo-1.86.0"
      },
      "system": "x86_64-darwin",
      "group": "toplevel",
      "priority": 5
    },
    {
      "attr_path": "cargo",
      "broken": false,
      "derivation": "/nix/store/5z39b98bz0jbb0ynh6k8488v4y4hwl98-cargo-1.86.0.drv",
      "description": "Downloads your Rust project's dependencies and builds your project",
      "install_id": "cargo",
      "license": "[ MIT, Apache-2.0 ]",
      "locked_url": "https://github.com/flox/nixpkgs?rev=979daf34c8cacebcd917d540070b52a3c2b9b16e",
      "name": "cargo-1.86.0",
      "pname": "cargo",
      "rev": "979daf34c8cacebcd917d540070b52a3c2b9b16e",
      "rev_count": 793735,
      "rev_date": "2025-05-04T03:14:55Z",
      "scrape_date": "2025-05-05T05:15:54.190931Z",
      "stabilities": [
        "staging",
        "unstable"
      ],
      "unfree": false,
      "version": "1.86.0",
      "outputs_to_install": [
        "out"
      ],
      "outputs": {
        "out": "/nix/store/fz4yh05dwsbdaq1h2mxf6ls3vnz4jjr4-cargo-1.86.0"
      },
      "system": "x86_64-linux",
      "group": "toplevel",
      "priority": 5
    },
    {
      "attr_path": "clang",
      "broken": false,
      "derivation": "/nix/store/4il7f1gq034a5p8an033wh507md9clhh-clang-wrapper-19.1.7.drv",
      "description": "C language family frontend for LLVM (wrapper script)",
      "install_id": "clang",
      "license": "[ NCSA, Apache-2.0, LLVM-exception ]",
      "locked_url": "https://github.com/flox/nixpkgs?rev=979daf34c8cacebcd917d540070b52a3c2b9b16e",
      "name": "clang-wrapper-19.1.7",
      "pname": "clang",
      "rev": "979daf34c8cacebcd917d540070b52a3c2b9b16e",
      "rev_count": 793735,
      "rev_date": "2025-05-04T03:14:55Z",
      "scrape_date": "2025-05-05T04:19:28.626856Z",
      "stabilities": [
        "staging",
        "unstable"
      ],
      "unfree": false,
      "version": "19.1.7",
      "outputs_to_install": [
        "out"
      ],
      "outputs": {
        "out": "/nix/store/xpja3ad45p55aryvgng6g9grp8yivvsd-clang-wrapper-19.1.7"
      },
      "system": "aarch64-darwin",
      "group": "toplevel",
      "priority": 5
    },
    {
      "attr_path": "clang",
      "broken": false,
      "derivation": "/nix/store/6hw2ja56687jxrrhcfmfvibss64qpch6-clang-wrapper-19.1.7.drv",
      "description": "C language family frontend for LLVM (wrapper script)",
      "install_id": "clang",
      "license": "[ NCSA, Apache-2.0, LLVM-exception ]",
      "locked_url": "https://github.com/flox/nixpkgs?rev=979daf34c8cacebcd917d540070b52a3c2b9b16e",
      "name": "clang-wrapper-19.1.7",
      "pname": "clang",
      "rev": "979daf34c8cacebcd917d540070b52a3c2b9b16e",
      "rev_count": 793735,
      "rev_date": "2025-05-04T03:14:55Z",
      "scrape_date": "2025-05-05T04:54:29.245016Z",
      "stabilities": [
        "staging",
        "unstable"
      ],
      "unfree": false,
      "version": "19.1.7",
      "outputs_to_install": [
        "out"
      ],
      "outputs": {
        "out": "/nix/store/8b3idsmg4ajv79jmqcz87pimzhc5a4j9-clang-wrapper-19.1.7"
      },
      "system": "x86_64-darwin",
      "group": "toplevel",
      "priority": 5
    },
    {
      "attr_path": "gcc",
      "broken": false,
      "derivation": "/nix/store/mvq26ns0vkglyz35x6zd6jn1dvpr0wvx-gcc-wrapper-14.2.1.20250322.drv",
      "description": "GNU Compiler Collection, version 14.2.1.20250322 (wrapper script)",
      "install_id": "gcc",
      "license": "GPL-3.0-or-later",
      "locked_url": "https://github.com/flox/nixpkgs?rev=979daf34c8cacebcd917d540070b52a3c2b9b16e",
      "name": "gcc-wrapper-14.2.1.20250322",
      "pname": "gcc",
      "rev": "979daf34c8cacebcd917d540070b52a3c2b9b16e",
      "rev_count": 793735,
      "rev_date": "2025-05-04T03:14:55Z",
      "scrape_date": "2025-05-05T04:37:20.415079Z",
      "stabilities": [
        "staging",
        "unstable"
      ],
      "unfree": false,
      "version": "14.2.1.20250322",
      "outputs_to_install": [
        "man",
        "out"
      ],
      "outputs": {
        "info": "/nix/store/7y6glm22qfb7sw1ybf0lgi5ml9ra278b-gcc-wrapper-14.2.1.20250322-info",
        "man": "/nix/store/km6mm6rmh1p2av5vw37skaprgrd293vl-gcc-wrapper-14.2.1.20250322-man",
        "out": "/nix/store/rpxlridr3yn6mbmd34r0bya9qv91b79s-gcc-wrapper-14.2.1.20250322"
      },
      "system": "aarch64-linux",
      "group": "toplevel",
      "priority": 5
    },
    {
      "attr_path": "gcc",
      "broken": false,
      "derivation": "/nix/store/7chb1402lr3jgd7sxcbj3v01l97kvs3h-gcc-wrapper-14.2.1.20250322.drv",
      "description": "GNU Compiler Collection, version 14.2.1.20250322 (wrapper script)",
      "install_id": "gcc",
      "license": "GPL-3.0-or-later",
      "locked_url": "https://github.com/flox/nixpkgs?rev=979daf34c8cacebcd917d540070b52a3c2b9b16e",
      "name": "gcc-wrapper-14.2.1.20250322",
      "pname": "gcc",
      "rev": "979daf34c8cacebcd917d540070b52a3c2b9b16e",
      "rev_count": 793735,
      "rev_date": "2025-05-04T03:14:55Z",
      "scrape_date": "2025-05-05T05:15:55.338399Z",
      "stabilities": [
        "staging",
        "unstable"
      ],
      "unfree": false,
      "version": "14.2.1.20250322",
      "outputs_to_install": [
        "man",
        "out"
      ],
      "outputs": {
        "info": "/nix/store/rs9pvqy38dx84320sxf7ql4ppv2k4rhj-gcc-wrapper-14.2.1.20250322-info",
        "man": "/nix/store/1icxr998a24dfw4dk30v4n8kwdl0v29y-gcc-wrapper-14.2.1.20250322-man",
        "out": "/nix/store/f0m6caffiykyvsjim9376a3hx2yj2ghj-gcc-wrapper-14.2.1.20250322"
      },
      "system": "x86_64-linux",
      "group": "toplevel",
      "priority": 5
    },
    {
      "attr_path": "libiconv",
      "broken": false,
      "derivation": "/nix/store/bc020j2myi6ihh38ax6igbiw37pbwkgj-libiconv-109.drv",
      "description": "Iconv(3) implementation",
      "install_id": "libiconv",
      "license": "[ BSD-2-Clause, BSD-3-Clause, APSL-1.0 ]",
      "locked_url": "https://github.com/flox/nixpkgs?rev=979daf34c8cacebcd917d540070b52a3c2b9b16e",
      "name": "libiconv-109",
      "pname": "libiconv",
      "rev": "979daf34c8cacebcd917d540070b52a3c2b9b16e",
      "rev_count": 793735,
      "rev_date": "2025-05-04T03:14:55Z",
      "scrape_date": "2025-05-05T04:19:30.004581Z",
      "stabilities": [
        "staging",
        "unstable"
      ],
      "unfree": false,
      "version": "109",
      "outputs_to_install": [
        "out"
      ],
      "outputs": {
        "dev": "/nix/store/9szgbdimq2rfdi23l60hz185si754vx7-libiconv-109-dev",
        "out": "/nix/store/0ccvgwg4cpgf9jwwc98rz7wxafsmsf44-libiconv-109"
      },
      "system": "aarch64-darwin",
      "group": "toplevel",
      "priority": 5
    },
    {
      "attr_path": "libiconv",
      "broken": false,
      "derivation": "/nix/store/3ihjcsp1fqmz8b3kagqgc2mb84s8h3gh-libiconv-109.drv",
      "description": "Iconv(3) implementation",
      "install_id": "libiconv",
      "license": "[ BSD-2-Clause, BSD-3-Clause, APSL-1.0 ]",
      "locked_url": "https://github.com/flox/nixpkgs?rev=979daf34c8cacebcd917d540070b52a3c2b9b16e",
      "name": "libiconv-109",
      "pname": "libiconv",
      "rev": "979daf34c8cacebcd917d540070b52a3c2b9b16e",
      "rev_count": 793735,
      "rev_date": "2025-05-04T03:14:55Z",
      "scrape_date": "2025-05-05T04:54:30.686352Z",
      "stabilities": [
        "staging",
        "unstable"
      ],
      "unfree": false,
      "version": "109",
      "outputs_to_install": [
        "out"
      ],
      "outputs": {
        "dev": "/nix/store/wjan2i5c448pdw4cfyc12ysk9sfxwd0x-libiconv-109-dev",
        "out": "/nix/store/2v9ld8n4q81ilbp06lp854jqv3ldnqrj-libiconv-109"
      },
      "system": "x86_64-darwin",
      "group": "toplevel",
      "priority": 5
    },
    {
      "attr_path": "pkg-config",
      "broken": false,
      "derivation": "/nix/store/mdkzl0m3s6x39v2ksqj2dkbkhnn7vfdr-pkg-config-wrapper-0.29.2.drv",
      "description": "Tool that allows packages to find out information about other packages (wrapper script)",
      "install_id": "pkg-config",
      "license": "GPL-2.0-or-later",
      "locked_url": "https://github.com/flox/nixpkgs?rev=979daf34c8cacebcd917d540070b52a3c2b9b16e",
      "name": "pkg-config-wrapper-0.29.2",
      "pname": "pkg-config",
      "rev": "979daf34c8cacebcd917d540070b52a3c2b9b16e",
      "rev_count": 793735,
      "rev_date": "2025-05-04T03:14:55Z",
      "scrape_date": "2025-05-05T04:19:36.602209Z",
      "stabilities": [
        "staging",
        "unstable"
      ],
      "unfree": false,
      "version": "0.29.2",
      "outputs_to_install": [
        "man",
        "out"
      ],
      "outputs": {
        "doc": "/nix/store/893mq0rp0wmpqyd76b1j7ys6zhh6aff7-pkg-config-wrapper-0.29.2-doc",
        "man": "/nix/store/nd2y3dcrg2k77y665ck6fykyjysk9q6s-pkg-config-wrapper-0.29.2-man",
        "out": "/nix/store/hj7iydwvhkslzsvw82iilv8say0xv5n7-pkg-config-wrapper-0.29.2"
      },
      "system": "aarch64-darwin",
      "group": "toplevel",
      "priority": 5
    },
    {
      "attr_path": "pkg-config",
      "broken": false,
      "derivation": "/nix/store/ackjpq13s7r06vp9c78rvbrv1fl8npl6-pkg-config-wrapper-0.29.2.drv",
      "description": "Tool that allows packages to find out information about other packages (wrapper script)",
      "install_id": "pkg-config",
      "license": "GPL-2.0-or-later",
      "locked_url": "https://github.com/flox/nixpkgs?rev=979daf34c8cacebcd917d540070b52a3c2b9b16e",
      "name": "pkg-config-wrapper-0.29.2",
      "pname": "pkg-config",
      "rev": "979daf34c8cacebcd917d540070b52a3c2b9b16e",
      "rev_count": 793735,
      "rev_date": "2025-05-04T03:14:55Z",
      "scrape_date": "2025-05-05T04:37:39.700951Z",
      "stabilities": [
        "staging",
        "unstable"
      ],
      "unfree": false,
      "version": "0.29.2",
      "outputs_to_install": [
        "man",
        "out"
      ],
      "outputs": {
        "doc": "/nix/store/dhq8xj50fv2xpswih45mf7j3dam7dx62-pkg-config-wrapper-0.29.2-doc",
        "man": "/nix/store/8d5xsrv73ibsgs985hwh58xvrz7gj7cq-pkg-config-wrapper-0.29.2-man",
        "out": "/nix/store/whs8d6yi944jfsb7iwc4qkc7hn52z07h-pkg-config-wrapper-0.29.2"
      },
      "system": "aarch64-linux",
      "group": "toplevel",
      "priority": 5
    },
    {
      "attr_path": "pkg-config",
      "broken": false,
      "derivation": "/nix/store/1m96a58v603a57bx752vj9h5wywj4hlf-pkg-config-wrapper-0.29.2.drv",
      "description": "Tool that allows packages to find out information about other packages (wrapper script)",
      "install_id": "pkg-config",
      "license": "GPL-2.0-or-later",
      "locked_url": "https://github.com/flox/nixpkgs?rev=979daf34c8cacebcd917d540070b52a3c2b9b16e",
      "name": "pkg-config-wrapper-0.29.2",
      "pname": "pkg-config",
      "rev": "979daf34c8cacebcd917d540070b52a3c2b9b16e",
      "rev_count": 793735,
      "rev_date": "2025-05-04T03:14:55Z",
      "scrape_date": "2025-05-05T04:54:37.356389Z",
      "stabilities": [
        "staging",
        "unstable"
      ],
      "unfree": false,
      "version": "0.29.2",
      "outputs_to_install": [
        "man",
        "out"
      ],
      "outputs": {
        "doc": "/nix/store/2wxc6i00xjph99cn4klkd57rli306na6-pkg-config-wrapper-0.29.2-doc",
        "man": "/nix/store/xj37p1qmvrkz60ina77hn672bxqj0hzi-pkg-config-wrapper-0.29.2-man",
        "out": "/nix/store/4vzwqmyagz1aq6a6204hlwnj6dc9ip6a-pkg-config-wrapper-0.29.2"
      },
      "system": "x86_64-darwin",
      "group": "toplevel",
      "priority": 5
    },
    {
      "attr_path": "pkg-config",
      "broken": false,
      "derivation": "/nix/store/7nhryzl55g04w205svcaf6qm5p3lzirg-pkg-config-wrapper-0.29.2.drv",
      "description": "Tool that allows packages to find out information about other packages (wrapper script)",
      "install_id": "pkg-config",
      "license": "GPL-2.0-or-later",
      "locked_url": "https://github.com/flox/nixpkgs?rev=979daf34c8cacebcd917d540070b52a3c2b9b16e",
      "name": "pkg-config-wrapper-0.29.2",
      "pname": "pkg-config",
      "rev": "979daf34c8cacebcd917d540070b52a3c2b9b16e",
      "rev_count": 793735,
      "rev_date": "2025-05-04T03:14:55Z",
      "scrape_date": "2025-05-05T05:16:17.259982Z",
      "stabilities": [
        "staging",
        "unstable"
      ],
      "unfree": false,
      "version": "0.29.2",
      "outputs_to_install": [
        "man",
        "out"
      ],
      "outputs": {
        "doc": "/nix/store/7gbj5n0rg43li2hidn78i2dml4agl5g9-pkg-config-wrapper-0.29.2-doc",
        "man": "/nix/store/zf1nw8vgv090hxsfp080mqpr5bx77yl0-pkg-config-wrapper-0.29.2-man",
        "out": "/nix/store/bbp56ai8w43xkfisar83h37imjdlcx6r-pkg-config-wrapper-0.29.2"
      },
      "system": "x86_64-linux",
      "group": "toplevel",
      "priority": 5
    },
    {
      "attr_path": "rustc",
      "broken": false,
      "derivation": "/nix/store/ni7v3h042bghsxsbn4k94f44m7kcqpri-rustc-wrapper-1.86.0.drv",
      "description": "Safe, concurrent, practical language (wrapper script)",
      "install_id": "rustc",
      "license": "[ MIT, Apache-2.0 ]",
      "locked_url": "https://github.com/flox/nixpkgs?rev=979daf34c8cacebcd917d540070b52a3c2b9b16e",
      "name": "rustc-wrapper-1.86.0",
      "pname": "rustc",
      "rev": "979daf34c8cacebcd917d540070b52a3c2b9b16e",
      "rev_count": 793735,
      "rev_date": "2025-05-04T03:14:55Z",
      "scrape_date": "2025-05-05T04:20:01.362814Z",
      "stabilities": [
        "staging",
        "unstable"
      ],
      "unfree": false,
      "version": "1.86.0",
      "outputs_to_install": [
        "man",
        "out"
      ],
      "outputs": {
        "doc": "/nix/store/xgrsihz2w9q64sy0l54zs4ar1a1ln7xx-rustc-wrapper-1.86.0-doc",
        "man": "/nix/store/w9fkkcqnx792gfhk7m850zail1viq4i4-rustc-wrapper-1.86.0-man",
        "out": "/nix/store/49i86pl2a6gmlzd68mxay1ij14n7xiwr-rustc-wrapper-1.86.0"
      },
      "system": "aarch64-darwin",
      "group": "toplevel",
      "priority": 5
    },
    {
      "attr_path": "rustc",
      "broken": false,
      "derivation": "/nix/store/3m6wzqqn76ywczk0pp6rjmsymqrgnznm-rustc-wrapper-1.86.0.drv",
      "description": "Safe, concurrent, practical language (wrapper script)",
      "install_id": "rustc",
      "license": "[ MIT, Apache-2.0 ]",
      "locked_url": "https://github.com/flox/nixpkgs?rev=979daf34c8cacebcd917d540070b52a3c2b9b16e",
      "name": "rustc-wrapper-1.86.0",
      "pname": "rustc",
      "rev": "979daf34c8cacebcd917d540070b52a3c2b9b16e",
      "rev_count": 793735,
      "rev_date": "2025-05-04T03:14:55Z",
      "scrape_date": "2025-05-05T04:38:18.212852Z",
      "stabilities": [
        "staging",
        "unstable"
      ],
      "unfree": false,
      "version": "1.86.0",
      "outputs_to_install": [
        "man",
        "out"
      ],
      "outputs": {
        "doc": "/nix/store/b1mhg8824xgmhbfplg48wjp93j5an1vq-rustc-wrapper-1.86.0-doc",
        "man": "/nix/store/9jbz558fj67mmgdk7m9ia4790mzmd2ki-rustc-wrapper-1.86.0-man",
        "out": "/nix/store/q897nx05mlv1nhh4vrm0fx0j207xq84d-rustc-wrapper-1.86.0"
      },
      "system": "aarch64-linux",
      "group": "toplevel",
      "priority": 5
    },
    {
      "attr_path": "rustc",
      "broken": false,
      "derivation": "/nix/store/py8qafx6ryv0q0dbi5bik2ch53r6nlma-rustc-wrapper-1.86.0.drv",
      "description": "Safe, concurrent, practical language (wrapper script)",
      "install_id": "rustc",
      "license": "[ MIT, Apache-2.0 ]",
      "locked_url": "https://github.com/flox/nixpkgs?rev=979daf34c8cacebcd917d540070b52a3c2b9b16e",
      "name": "rustc-wrapper-1.86.0",
      "pname": "rustc",
      "rev": "979daf34c8cacebcd917d540070b52a3c2b9b16e",
      "rev_count": 793735,
      "rev_date": "2025-05-04T03:14:55Z",
      "scrape_date": "2025-05-05T04:55:02.033103Z",
      "stabilities": [
        "staging",
        "unstable"
      ],
      "unfree": false,
      "version": "1.86.0",
      "outputs_to_install": [
        "man",
        "out"
      ],
      "outputs": {
        "doc": "/nix/store/nmbykpa9z5qpcmv6cfcwws7c6kmbarh2-rustc-wrapper-1.86.0-doc",
        "man": "/nix/store/xmrnkpgffm3aayiak2rl0kpng4wsqd61-rustc-wrapper-1.86.0-man",
        "out": "/nix/store/p3clbji1zz645jxxcabcgkgk5w6p435b-rustc-wrapper-1.86.0"
      },
      "system": "x86_64-darwin",
      "group": "toplevel",
      "priority": 5
    },
    {
      "attr_path": "rustc",
      "broken": false,
      "derivation": "/nix/store/f4fd3ivnmp2692g3sp3fivsi03h5r78v-rustc-wrapper-1.86.0.drv",
      "description": "Safe, concurrent, practical language (wrapper script)",
      "install_id": "rustc",
      "license": "[ MIT, Apache-2.0 ]",
      "locked_url": "https://github.com/flox/nixpkgs?rev=979daf34c8cacebcd917d540070b52a3c2b9b16e",
      "name": "rustc-wrapper-1.86.0",
      "pname": "rustc",
      "rev": "979daf34c8cacebcd917d540070b52a3c2b9b16e",
      "rev_count": 793735,
      "rev_date": "2025-05-04T03:14:55Z",
      "scrape_date": "2025-05-05T05:16:58.059739Z",
      "stabilities": [
        "staging",
        "unstable"
      ],
      "unfree": false,
      "version": "1.86.0",
      "outputs_to_install": [
        "man",
        "out"
      ],
      "outputs": {
        "doc": "/nix/store/nybwwcn1dra2z3vxi4h4v7rj9fr34pvs-rustc-wrapper-1.86.0-doc",
        "man": "/nix/store/ssid482a107q5vw18l9millwnpp4rgxb-rustc-wrapper-1.86.0-man",
        "out": "/nix/store/szc39h0qqfs4fvvln0c59pz99q90zzdn-rustc-wrapper-1.86.0"
      },
      "system": "x86_64-linux",
      "group": "toplevel",
      "priority": 5
    }
  ],
  "compose": {
    "composer": {
      "version": 1,
      "options": {
        "cuda-detection": false
      },
      "include": {
        "environments": [
          {
            "remote": "zmitchell/rust-build"
          },
          {
            "remote": "zmitchell/rust-dev"
          },
          {
            "remote": "zmitchell/rust-test"
          }
        ]
      }
    },
    "include": [
      {
        "manifest": {
          "version": 1,
          "install": {
            "cargo": {
              "pkg-path": "cargo"
            },
            "clang": {
              "pkg-path": "clang",
              "systems": [
                "aarch64-darwin",
                "x86_64-darwin"
              ]
            },
            "gcc": {
              "pkg-path": "gcc",
              "systems": [
                "aarch64-linux",
                "x86_64-linux"
              ]
            },
            "libiconv": {
              "pkg-path": "libiconv",
              "systems": [
                "aarch64-darwin",
                "x86_64-darwin"
              ]
            },
            "pkg-config": {
              "pkg-path": "pkg-config"
            },
            "rustc": {
              "pkg-path": "rustc"
            }
          },
          "options": {}
        },
        "name": "rust-build",
        "descriptor": {
          "remote": "zmitchell/rust-build"
        }
      },
      {
        "manifest": {
          "version": 1,
          "install": {
            "clippy": {
              "pkg-path": "clippy",
              "pkg-group": "extra"
            },
            "rust-analyzer": {
              "pkg-path": "rust-analyzer",
              "pkg-group": "extra"
            },
            "rust-lib-src": {
              "pkg-path": "rustPlatform.rustLibSrc",
              "pkg-group": "extra"
            },
            "rustfmt": {
              "pkg-path": "rustfmt",
              "pkg-group": "extra"
            }
          },
          "vars": {
            "BIN_NAME": "FOO"
          },
          "hook": {
            "on-activate": "  export PATH=\"$PWD/target/debug:$PATH\"\n"
          },
          "profile": {
            "fish": " abbr install-bin \"cargo b -r && cp target/release/$BIN_NAME ~/bin/$BIN_NAME\"\n"
          },
          "options": {}
        },
        "name": "rust-dev",
        "descriptor": {
          "remote": "zmitchell/rust-dev"
        }
      },
      {
        "manifest": {
          "version": 1,
          "install": {
            "bacon": {
              "pkg-path": "bacon",
              "pkg-group": "extra"
            },
            "cargo-nextest": {
              "pkg-path": "cargo-nextest",
              "pkg-group": "extra"
            }
          },
          "options": {}
        },
        "name": "rust-test",
        "descriptor": {
          "remote": "zmitchell/rust-test"
        }
      }
    ],
    "warnings": []
  }
}